
Microsoft Visual Studio Solution File, Format Version 12.00
# Visual Studio Version 17
VisualStudioVersion = 17.3.32901.215
MinimumVisualStudioVersion = 10.0.40219.1
Project("{9A19103F-16F7-4668-BE54-9A1E7A4F7556}") = "Pharmacy Information Management System", "Pharmacy Information Management System\Pharmacy Information Management System.csproj", "{6A8481CD-15E1-4C2D-BDB9-C83AA278239C}"
EndProject
Project("{FAE04EC0-301F-11D3-BF4B-00C04F79EFBC}") = "Procurement", "..\Procurement\Procurement.csproj", "{D02D9519-E14A-462F-BCA3-DBF64D00EF01}"
EndProject
Global
	GlobalSection(SolutionConfigurationPlatforms) = preSolution
		Debug|Any CPU = Debug|Any CPU
		Release|Any CPU = Release|Any CPU
	EndGlobalSection
	GlobalSection(ProjectConfigurationPlatforms) = postSolution
		{6A8481CD-15E1-4C2D-BDB9-C83AA278239C}.Debug|Any CPU.ActiveCfg = Debug|Any CPU
		{6A8481CD-15E1-4C2D-BDB9-C83AA278239C}.Debug|Any CPU.Build.0 = Debug|Any CPU
		{6A8481CD-15E1-4C2D-BDB9-C83AA278239C}.Release|Any CPU.ActiveCfg = Release|Any CPU
		{6A8481CD-15E1-4C2D-BDB9-C83AA278239C}.Release|Any CPU.Build.0 = Release|Any CPU
		{D02D9519-E14A-462F-BCA3-DBF64D00EF01}.Debug|Any CPU.ActiveCfg = Debug|Any CPU
		{D02D9519-E14A-462F-BCA3-DBF64D00EF01}.Debug|Any CPU.Build.0 = Debug|Any CPU
		{D02D9519-E14A-462F-BCA3-DBF64D00EF01}.Release|Any CPU.ActiveCfg = Release|Any CPU
		{D02D9519-E14A-462F-BCA3-DBF64D00EF01}.Release|Any CPU.Build.0 = Release|Any CPU
	EndGlobalSection
	GlobalSection(SolutionProperties) = preSolution
		HideSolutionNode = FALSE
	EndGlobalSection
	GlobalSection(ExtensibilityGlobals) = postSolution
		SolutionGuid = {F242CBEA-8016-4825-A9DE-A4E70826582D}
	EndGlobalSection
EndGlobal
